
Microsoft Visual Studio Solution File, Format Version 12.00
# Visual Studio Version 17
VisualStudioVersion = 17.3.32811.315
MinimumVisualStudioVersion = 10.0.40219.1
Project("{FAE04EC0-301F-11D3-BF4B-00C04F79EFBC}") = "Izpit2", "Izpit2\Izpit2.csproj", "{CACAB6C0-428A-4274-9700-306C52ED2491}"
EndProject
Global
	GlobalSection(SolutionConfigurationPlatforms) = preSolution
		Debug|Any CPU = Debug|Any CPU
		Release|Any CPU = Release|Any CPU
	EndGlobalSection
	GlobalSection(ProjectConfigurationPlatforms) = postSolution
		{CACAB6C0-428A-4274-9700-306C52ED2491}.Debug|Any CPU.ActiveCfg = Debug|Any CPU
		{CACAB6C0-428A-4274-9700-306C52ED2491}.Debug|Any CPU.Build.0 = Debug|Any CPU
		{CACAB6C0-428A-4274-9700-306C52ED2491}.Release|Any CPU.ActiveCfg = Release|Any CPU
		{CACAB6C0-428A-4274-9700-306C52ED2491}.Release|Any CPU.Build.0 = Release|Any CPU
	EndGlobalSection
	GlobalSection(SolutionProperties) = preSolution
		HideSolutionNode = FALSE
	EndGlobalSection
	GlobalSection(ExtensibilityGlobals) = postSolution
		SolutionGuid = {72084CA7-A66A-4405-8750-DD942B64436B}
	EndGlobalSection
EndGlobal
