
Microsoft Visual Studio Solution File, Format Version 12.00
# Visual Studio Version 17
VisualStudioVersion = 17.3.32811.315
MinimumVisualStudioVersion = 10.0.40219.1
Project("{FAE04EC0-301F-11D3-BF4B-00C04F79EFBC}") = "Metode", "Metode\Metode.csproj", "{D598A53F-9806-473A-A8B3-C339D18ED606}"
EndProject
Global
	GlobalSection(SolutionConfigurationPlatforms) = preSolution
		Debug|Any CPU = Debug|Any CPU
		Release|Any CPU = Release|Any CPU
	EndGlobalSection
	GlobalSection(ProjectConfigurationPlatforms) = postSolution
		{D598A53F-9806-473A-A8B3-C339D18ED606}.Debug|Any CPU.ActiveCfg = Debug|Any CPU
		{D598A53F-9806-473A-A8B3-C339D18ED606}.Debug|Any CPU.Build.0 = Debug|Any CPU
		{D598A53F-9806-473A-A8B3-C339D18ED606}.Release|Any CPU.ActiveCfg = Release|Any CPU
		{D598A53F-9806-473A-A8B3-C339D18ED606}.Release|Any CPU.Build.0 = Release|Any CPU
	EndGlobalSection
	GlobalSection(SolutionProperties) = preSolution
		HideSolutionNode = FALSE
	EndGlobalSection
	GlobalSection(ExtensibilityGlobals) = postSolution
		SolutionGuid = {E40679E8-E678-44B9-9EB2-239F93F2F48A}
	EndGlobalSection
EndGlobal
