
Microsoft Visual Studio Solution File, Format Version 12.00
# Visual Studio Version 17
VisualStudioVersion = 17.3.32811.315
MinimumVisualStudioVersion = 10.0.40219.1
Project("{FAE04EC0-301F-11D3-BF4B-00C04F79EFBC}") = "KraljestvoŽivali", "KraljestvoŽivali\KraljestvoŽivali.csproj", "{E0226848-BB16-4EB6-AA9A-A6A63216CAB0}"
EndProject
Global
	GlobalSection(SolutionConfigurationPlatforms) = preSolution
		Debug|Any CPU = Debug|Any CPU
		Release|Any CPU = Release|Any CPU
	EndGlobalSection
	GlobalSection(ProjectConfigurationPlatforms) = postSolution
		{E0226848-BB16-4EB6-AA9A-A6A63216CAB0}.Debug|Any CPU.ActiveCfg = Debug|Any CPU
		{E0226848-BB16-4EB6-AA9A-A6A63216CAB0}.Debug|Any CPU.Build.0 = Debug|Any CPU
		{E0226848-BB16-4EB6-AA9A-A6A63216CAB0}.Release|Any CPU.ActiveCfg = Release|Any CPU
		{E0226848-BB16-4EB6-AA9A-A6A63216CAB0}.Release|Any CPU.Build.0 = Release|Any CPU
	EndGlobalSection
	GlobalSection(SolutionProperties) = preSolution
		HideSolutionNode = FALSE
	EndGlobalSection
	GlobalSection(ExtensibilityGlobals) = postSolution
		SolutionGuid = {54D92267-5BEF-4AED-B502-65A9C5B0FB81}
	EndGlobalSection
EndGlobal
