
Microsoft Visual Studio Solution File, Format Version 12.00
# Visual Studio Version 17
VisualStudioVersion = 17.3.32811.315
MinimumVisualStudioVersion = 10.0.40219.1
Project("{FAE04EC0-301F-11D3-BF4B-00C04F79EFBC}") = "DatotečniSistem", "DatotečniSistem\DatotečniSistem.csproj", "{1F498330-727E-4593-8962-81229AEF463D}"
EndProject
Global
	GlobalSection(SolutionConfigurationPlatforms) = preSolution
		Debug|Any CPU = Debug|Any CPU
		Release|Any CPU = Release|Any CPU
	EndGlobalSection
	GlobalSection(ProjectConfigurationPlatforms) = postSolution
		{1F498330-727E-4593-8962-81229AEF463D}.Debug|Any CPU.ActiveCfg = Debug|Any CPU
		{1F498330-727E-4593-8962-81229AEF463D}.Debug|Any CPU.Build.0 = Debug|Any CPU
		{1F498330-727E-4593-8962-81229AEF463D}.Release|Any CPU.ActiveCfg = Release|Any CPU
		{1F498330-727E-4593-8962-81229AEF463D}.Release|Any CPU.Build.0 = Release|Any CPU
	EndGlobalSection
	GlobalSection(SolutionProperties) = preSolution
		HideSolutionNode = FALSE
	EndGlobalSection
	GlobalSection(ExtensibilityGlobals) = postSolution
		SolutionGuid = {70BAC966-FEB6-46F3-B408-51A8A00B9032}
	EndGlobalSection
EndGlobal
